
Microsoft Visual Studio Solution File, Format Version 12.00
# Visual Studio Version 16
VisualStudioVersion = 16.0.29509.3
MinimumVisualStudioVersion = 10.0.40219.1
Project("{888888A0-9F3D-457C-B088-3A5042F75D52}") = "lab1B", "lab1B\lab1B.pyproj", "{5C03856B-ABE1-4D30-92D2-955E3DD2BE73}"
EndProject
Global
	GlobalSection(SolutionConfigurationPlatforms) = preSolution
		Debug|Any CPU = Debug|Any CPU
		Release|Any CPU = Release|Any CPU
	EndGlobalSection
	GlobalSection(ProjectConfigurationPlatforms) = postSolution
		{5C03856B-ABE1-4D30-92D2-955E3DD2BE73}.Debug|Any CPU.ActiveCfg = Debug|Any CPU
		{5C03856B-ABE1-4D30-92D2-955E3DD2BE73}.Release|Any CPU.ActiveCfg = Release|Any CPU
	EndGlobalSection
	GlobalSection(SolutionProperties) = preSolution
		HideSolutionNode = FALSE
	EndGlobalSection
	GlobalSection(ExtensibilityGlobals) = postSolution
		SolutionGuid = {053537A0-85BB-4F70-A033-DBBE7353CD11}
	EndGlobalSection
EndGlobal
